
Microsoft Visual Studio Solution File, Format Version 12.00
# Visual Studio Version 17
VisualStudioVersion = 17.11.35312.102
MinimumVisualStudioVersion = 10.0.40219.1
Project("{FAE04EC0-301F-11D3-BF4B-00C04F79EFBC}") = "create-plugins-for-semantic-kernel", "create-plugins-for-semantic-kernel.csproj", "{7060B723-96F3-4151-A02B-44F2E58A19CD}"
EndProject
Global
	GlobalSection(SolutionConfigurationPlatforms) = preSolution
		Debug|Any CPU = Debug|Any CPU
		Release|Any CPU = Release|Any CPU
	EndGlobalSection
	GlobalSection(ProjectConfigurationPlatforms) = postSolution
		{7060B723-96F3-4151-A02B-44F2E58A19CD}.Debug|Any CPU.ActiveCfg = Debug|Any CPU
		{7060B723-96F3-4151-A02B-44F2E58A19CD}.Debug|Any CPU.Build.0 = Debug|Any CPU
		{7060B723-96F3-4151-A02B-44F2E58A19CD}.Release|Any CPU.ActiveCfg = Release|Any CPU
		{7060B723-96F3-4151-A02B-44F2E58A19CD}.Release|Any CPU.Build.0 = Release|Any CPU
	EndGlobalSection
	GlobalSection(SolutionProperties) = preSolution
		HideSolutionNode = FALSE
	EndGlobalSection
	GlobalSection(ExtensibilityGlobals) = postSolution
		SolutionGuid = {4F856990-4629-409D-9AE7-19D95477979F}
	EndGlobalSection
EndGlobal
